
Microsoft Visual Studio Solution File, Format Version 12.00
# Visual Studio 14
VisualStudioVersion = 14.0.25420.1
MinimumVisualStudioVersion = 10.0.40219.1
Project("{FAE04EC0-301F-11D3-BF4B-00C04F79EFBC}") = "ServCorreosRol", "ServCorreosRol\ServCorreosRol.csproj", "{DA5E9ADD-4459-4939-99C3-D5EB71924F00}"
EndProject
Project("{FAE04EC0-301F-11D3-BF4B-00C04F79EFBC}") = "TestServicios", "TestServicios\TestServicios.csproj", "{AA42473B-2991-4366-AAB0-16390D429F47}"
EndProject
Global
	GlobalSection(SolutionConfigurationPlatforms) = preSolution
		Debug|Any CPU = Debug|Any CPU
		Release|Any CPU = Release|Any CPU
	EndGlobalSection
	GlobalSection(ProjectConfigurationPlatforms) = postSolution
		{DA5E9ADD-4459-4939-99C3-D5EB71924F00}.Debug|Any CPU.ActiveCfg = Debug|Any CPU
		{DA5E9ADD-4459-4939-99C3-D5EB71924F00}.Debug|Any CPU.Build.0 = Debug|Any CPU
		{DA5E9ADD-4459-4939-99C3-D5EB71924F00}.Release|Any CPU.ActiveCfg = Release|Any CPU
		{DA5E9ADD-4459-4939-99C3-D5EB71924F00}.Release|Any CPU.Build.0 = Release|Any CPU
		{AA42473B-2991-4366-AAB0-16390D429F47}.Debug|Any CPU.ActiveCfg = Debug|Any CPU
		{AA42473B-2991-4366-AAB0-16390D429F47}.Debug|Any CPU.Build.0 = Debug|Any CPU
		{AA42473B-2991-4366-AAB0-16390D429F47}.Release|Any CPU.ActiveCfg = Release|Any CPU
		{AA42473B-2991-4366-AAB0-16390D429F47}.Release|Any CPU.Build.0 = Release|Any CPU
	EndGlobalSection
	GlobalSection(SolutionProperties) = preSolution
		HideSolutionNode = FALSE
	EndGlobalSection
EndGlobal
